
Microsoft Visual Studio Solution File, Format Version 12.00
# Visual Studio Version 17
VisualStudioVersion = 17.13.35806.99 d17.13
MinimumVisualStudioVersion = 10.0.40219.1
Project("{FAE04EC0-301F-11D3-BF4B-00C04F79EFBC}") = "TimeLogger", "TimeLogger\TimeLogger.csproj", "{77443794-ECF0-46EE-B4FB-5B788547AA7F}"
EndProject
Global
	GlobalSection(SolutionConfigurationPlatforms) = preSolution
		Debug|Any CPU = Debug|Any CPU
		Release|Any CPU = Release|Any CPU
	EndGlobalSection
	GlobalSection(ProjectConfigurationPlatforms) = postSolution
		{77443794-ECF0-46EE-B4FB-5B788547AA7F}.Debug|Any CPU.ActiveCfg = Debug|Any CPU
		{77443794-ECF0-46EE-B4FB-5B788547AA7F}.Debug|Any CPU.Build.0 = Debug|Any CPU
		{77443794-ECF0-46EE-B4FB-5B788547AA7F}.Release|Any CPU.ActiveCfg = Release|Any CPU
		{77443794-ECF0-46EE-B4FB-5B788547AA7F}.Release|Any CPU.Build.0 = Release|Any CPU
	EndGlobalSection
	GlobalSection(SolutionProperties) = preSolution
		HideSolutionNode = FALSE
	EndGlobalSection
	GlobalSection(ExtensibilityGlobals) = postSolution
		SolutionGuid = {AA28D317-BBC0-42D4-8AA5-A731FE104CDF}
	EndGlobalSection
EndGlobal
